
Microsoft Visual Studio Solution File, Format Version 12.00
# Visual Studio Version 16
VisualStudioVersion = 16.0.29613.14
MinimumVisualStudioVersion = 10.0.40219.1
Project("{8BC9CEB8-8B4A-11D0-8D11-00A0C91BC942}") = "yourgame", "yourgame.vcxproj", "{5D76A39F-16D2-4D57-B09F-6BE70A301E69}"
EndProject
Global
	GlobalSection(SolutionConfigurationPlatforms) = preSolution
		Debug|x64 = Debug|x64
		Debug|x86 = Debug|x86
		Release|x64 = Release|x64
		Release|x86 = Release|x86
	EndGlobalSection
	GlobalSection(ProjectConfigurationPlatforms) = postSolution
		{5D76A39F-16D2-4D57-B09F-6BE70A301E69}.Debug|x64.ActiveCfg = Debug|x64
		{5D76A39F-16D2-4D57-B09F-6BE70A301E69}.Debug|x64.Build.0 = Debug|x64
		{5D76A39F-16D2-4D57-B09F-6BE70A301E69}.Debug|x86.ActiveCfg = Debug|Win32
		{5D76A39F-16D2-4D57-B09F-6BE70A301E69}.Debug|x86.Build.0 = Debug|Win32
		{5D76A39F-16D2-4D57-B09F-6BE70A301E69}.Release|x64.ActiveCfg = Release|x64
		{5D76A39F-16D2-4D57-B09F-6BE70A301E69}.Release|x64.Build.0 = Release|x64
		{5D76A39F-16D2-4D57-B09F-6BE70A301E69}.Release|x86.ActiveCfg = Release|Win32
		{5D76A39F-16D2-4D57-B09F-6BE70A301E69}.Release|x86.Build.0 = Release|Win32
	EndGlobalSection
	GlobalSection(SolutionProperties) = preSolution
		HideSolutionNode = FALSE
	EndGlobalSection
	GlobalSection(ExtensibilityGlobals) = postSolution
		SolutionGuid = {CE479FCF-0AD9-41E4-BFA4-E52EDB2369B2}
	EndGlobalSection
EndGlobal
